// Generated File DO NOT MANUALLY EDIT, this file SHOULD be commited to version control system
{"image_base_name":"tipibuild/tipi-ubuntu-2404","manifest_digest":"sha256:7e1cdb0e91b180172bf481b5b5356de4bc911331e0e074099eeed1481195977b","platform":"linux/amd64","raw_envzip_hash":"6227956c6ad567b897d0383805ce561edf2cfd2c"}